
Microsoft Visual Studio Solution File, Format Version 12.00
# Visual Studio Version 17
VisualStudioVersion = 17.9.34607.119
MinimumVisualStudioVersion = 10.0.40219.1
Project("{FAE04EC0-301F-11D3-BF4B-00C04F79EFBC}") = "Tema11", "Tema11\Tema11.csproj", "{1890BC8F-80B0-4B51-BFAB-EEBBDFB8E748}"
EndProject
Global
	GlobalSection(SolutionConfigurationPlatforms) = preSolution
		Debug|Any CPU = Debug|Any CPU
		Release|Any CPU = Release|Any CPU
	EndGlobalSection
	GlobalSection(ProjectConfigurationPlatforms) = postSolution
		{1890BC8F-80B0-4B51-BFAB-EEBBDFB8E748}.Debug|Any CPU.ActiveCfg = Debug|Any CPU
		{1890BC8F-80B0-4B51-BFAB-EEBBDFB8E748}.Debug|Any CPU.Build.0 = Debug|Any CPU
		{1890BC8F-80B0-4B51-BFAB-EEBBDFB8E748}.Release|Any CPU.ActiveCfg = Release|Any CPU
		{1890BC8F-80B0-4B51-BFAB-EEBBDFB8E748}.Release|Any CPU.Build.0 = Release|Any CPU
	EndGlobalSection
	GlobalSection(SolutionProperties) = preSolution
		HideSolutionNode = FALSE
	EndGlobalSection
	GlobalSection(ExtensibilityGlobals) = postSolution
		SolutionGuid = {999F575D-E7D9-4152-80F0-0C66A78632AE}
	EndGlobalSection
EndGlobal
